
Microsoft Visual Studio Solution File, Format Version 12.00
# Visual Studio Version 17
VisualStudioVersion = 17.8.34330.188
MinimumVisualStudioVersion = 10.0.40219.1
Project("{9A19103F-16F7-4668-BE54-9A1E7A4F7556}") = "CreativeHandsCoreApi", "CreativeHandsCoreApi\CreativeHandsCoreApi.csproj", "{6F815E70-9AFB-4DC8-8E5C-E2B641B63475}"
EndProject
Project("{9A19103F-16F7-4668-BE54-9A1E7A4F7556}") = "MarketCoreGeneral", "MarketGeneral\MarketCoreGeneral.csproj", "{2725978B-FCD9-4586-A0D5-E59D02E40363}"
EndProject
Project("{FAE04EC0-301F-11D3-BF4B-00C04F79EFBC}") = "MarketApi", "MarketApi\MarketApi.csproj", "{ED0C17B6-B994-4DB4-99A8-A29A9A14A672}"
EndProject
Global
	GlobalSection(SolutionConfigurationPlatforms) = preSolution
		Debug|Any CPU = Debug|Any CPU
		Release|Any CPU = Release|Any CPU
	EndGlobalSection
	GlobalSection(ProjectConfigurationPlatforms) = postSolution
		{6F815E70-9AFB-4DC8-8E5C-E2B641B63475}.Debug|Any CPU.ActiveCfg = Debug|Any CPU
		{6F815E70-9AFB-4DC8-8E5C-E2B641B63475}.Debug|Any CPU.Build.0 = Debug|Any CPU
		{6F815E70-9AFB-4DC8-8E5C-E2B641B63475}.Release|Any CPU.ActiveCfg = Release|Any CPU
		{6F815E70-9AFB-4DC8-8E5C-E2B641B63475}.Release|Any CPU.Build.0 = Release|Any CPU
		{2725978B-FCD9-4586-A0D5-E59D02E40363}.Debug|Any CPU.ActiveCfg = Debug|Any CPU
		{2725978B-FCD9-4586-A0D5-E59D02E40363}.Debug|Any CPU.Build.0 = Debug|Any CPU
		{2725978B-FCD9-4586-A0D5-E59D02E40363}.Release|Any CPU.ActiveCfg = Release|Any CPU
		{2725978B-FCD9-4586-A0D5-E59D02E40363}.Release|Any CPU.Build.0 = Release|Any CPU
		{ED0C17B6-B994-4DB4-99A8-A29A9A14A672}.Debug|Any CPU.ActiveCfg = Debug|Any CPU
		{ED0C17B6-B994-4DB4-99A8-A29A9A14A672}.Debug|Any CPU.Build.0 = Debug|Any CPU
		{ED0C17B6-B994-4DB4-99A8-A29A9A14A672}.Release|Any CPU.ActiveCfg = Release|Any CPU
		{ED0C17B6-B994-4DB4-99A8-A29A9A14A672}.Release|Any CPU.Build.0 = Release|Any CPU
	EndGlobalSection
	GlobalSection(SolutionProperties) = preSolution
		HideSolutionNode = FALSE
	EndGlobalSection
	GlobalSection(ExtensibilityGlobals) = postSolution
		SolutionGuid = {BCD31304-3CDB-41D5-89E4-EC4B28608039}
	EndGlobalSection
EndGlobal
